// !$*UTF8*$!
{
	archiveVersion = 1;
	classes = {
	};
	objectVersion = 46;
	objects = {

/* Begin PBXBuildFile section */
		E10D016919B6024F00D9E5F8 /* Foundation.framework in Frameworks */ = {isa = PBXBuildFile; fileRef = E10D016819B6024F00D9E5F8 /* Foundation.framework */; };
		E10D016B19B6024F00D9E5F8 /* CoreGraphics.framework in Frameworks */ = {isa = PBXBuildFile; fileRef = E10D016A19B6024F00D9E5F8 /* CoreGraphics.framework */; };
		E10D016D19B6024F00D9E5F8 /* UIKit.framework in Frameworks */ = {isa = PBXBuildFile; fileRef = E10D016C19B6024F00D9E5F8 /* UIKit.framework */; };
		E10D017319B6024F00D9E5F8 /* InfoPlist.strings in Resources */ = {isa = PBXBuildFile; fileRef = E10D017119B6024F00D9E5F8 /* InfoPlist.strings */; };
		E10D017519B6024F00D9E5F8 /* main.m in Sources */ = {isa = PBXBuildFile; fileRef = E10D017419B6024F00D9E5F8 /* main.m */; };
		E10D017919B6024F00D9E5F8 /* AppDelegate.m in Sources */ = {isa = PBXBuildFile; fileRef = E10D017819B6024F00D9E5F8 /* AppDelegate.m */; };
		E10D017C19B6024F00D9E5F8 /* Main_iPhone.storyboard in Resources */ = {isa = PBXBuildFile; fileRef = E10D017A19B6024F00D9E5F8 /* Main_iPhone.storyboard */; };
		E10D017F19B6024F00D9E5F8 /* Main_iPad.storyboard in Resources */ = {isa = PBXBuildFile; fileRef = E10D017D19B6024F00D9E5F8 /* Main_iPad.storyboard */; };
		E10D018219B6024F00D9E5F8 /* ViewController.m in Sources */ = {isa = PBXBuildFile; fileRef = E10D018119B6024F00D9E5F8 /* ViewController.m */; };
		E10D018419B6024F00D9E5F8 /* Images.xcassets in Resources */ = {isa = PBXBuildFile; fileRef = E10D018319B6024F00D9E5F8 /* Images.xcassets */; };
		E10D018B19B6024F00D9E5F8 /* XCTest.framework in Frameworks */ = {isa = PBXBuildFile; fileRef = E10D018A19B6024F00D9E5F8 /* XCTest.framework */; };
		E10D018C19B6024F00D9E5F8 /* Foundation.framework in Frameworks */ = {isa = PBXBuildFile; fileRef = E10D016819B6024F00D9E5F8 /* Foundation.framework */; };
		E10D018D19B6024F00D9E5F8 /* UIKit.framework in Frameworks */ = {isa = PBXBuildFile; fileRef = E10D016C19B6024F00D9E5F8 /* UIKit.framework */; };
		E10D019519B6024F00D9E5F8 /* InfoPlist.strings in Resources */ = {isa = PBXBuildFile; fileRef = E10D019319B6024F00D9E5F8 /* InfoPlist.strings */; };
		E10D019719B6024F00D9E5F8 /* CorsiTests.m in Sources */ = {isa = PBXBuildFile; fileRef = E10D019619B6024F00D9E5F8 /* CorsiTests.m */; };
		E1B29EC119B7532E005B9C84 /* black72.png in Resources */ = {isa = PBXBuildFile; fileRef = E1B29EB419B7532E005B9C84 /* black72.png */; };
		E1B29EC219B7532E005B9C84 /* blue72.png in Resources */ = {isa = PBXBuildFile; fileRef = E1B29EB519B7532E005B9C84 /* blue72.png */; };
		E1B29EC319B7532E005B9C84 /* check.png in Resources */ = {isa = PBXBuildFile; fileRef = E1B29EB619B7532E005B9C84 /* check.png */; };
		E1B29EC419B7532E005B9C84 /* checkbox.png in Resources */ = {isa = PBXBuildFile; fileRef = E1B29EB719B7532E005B9C84 /* checkbox.png */; };
		E1B29EC519B7532E005B9C84 /* corsi.png in Resources */ = {isa = PBXBuildFile; fileRef = E1B29EB819B7532E005B9C84 /* corsi.png */; };
		E1B29EC619B7532E005B9C84 /* cyan72.png in Resources */ = {isa = PBXBuildFile; fileRef = E1B29EB919B7532E005B9C84 /* cyan72.png */; };
		E1B29EC719B7532E005B9C84 /* green72.png in Resources */ = {isa = PBXBuildFile; fileRef = E1B29EBA19B7532E005B9C84 /* green72.png */; };
		E1B29EC819B7532E005B9C84 /* grey72.png in Resources */ = {isa = PBXBuildFile; fileRef = E1B29EBB19B7532E005B9C84 /* grey72.png */; };
		E1B29EC919B7532E005B9C84 /* magenta72.png in Resources */ = {isa = PBXBuildFile; fileRef = E1B29EBC19B7532E005B9C84 /* magenta72.png */; };
		E1B29ECA19B7532E005B9C84 /* orange72.png in Resources */ = {isa = PBXBuildFile; fileRef = E1B29EBD19B7532E005B9C84 /* orange72.png */; };
		E1B29ECB19B7532E005B9C84 /* red72.png in Resources */ = {isa = PBXBuildFile; fileRef = E1B29EBE19B7532E005B9C84 /* red72.png */; };
		E1B29ECC19B7532E005B9C84 /* white72.png in Resources */ = {isa = PBXBuildFile; fileRef = E1B29EBF19B7532E005B9C84 /* white72.png */; };
		E1B29ECD19B7532E005B9C84 /* yellow72.png in Resources */ = {isa = PBXBuildFile; fileRef = E1B29EC019B7532E005B9C84 /* yellow72.png */; };
/* End PBXBuildFile section */

/* Begin PBXContainerItemProxy section */
		E10D018E19B6024F00D9E5F8 /* PBXContainerItemProxy */ = {
			isa = PBXContainerItemProxy;
			containerPortal = E10D015D19B6024F00D9E5F8 /* Project object */;
			proxyType = 1;
			remoteGlobalIDString = E10D016419B6024F00D9E5F8;
			remoteInfo = Corsi;
		};
/* End PBXContainerItemProxy section */

/* Begin PBXFileReference section */
		E10D016519B6024F00D9E5F8 /* Corsi.app */ = {isa = PBXFileReference; explicitFileType = wrapper.application; includeInIndex = 0; path = Corsi.app; sourceTree = BUILT_PRODUCTS_DIR; };
		E10D016819B6024F00D9E5F8 /* Foundation.framework */ = {isa = PBXFileReference; lastKnownFileType = wrapper.framework; name = Foundation.framework; path = System/Library/Frameworks/Foundation.framework; sourceTree = SDKROOT; };
		E10D016A19B6024F00D9E5F8 /* CoreGraphics.framework */ = {isa = PBXFileReference; lastKnownFileType = wrapper.framework; name = CoreGraphics.framework; path = System/Library/Frameworks/CoreGraphics.framework; sourceTree = SDKROOT; };
		E10D016C19B6024F00D9E5F8 /* UIKit.framework */ = {isa = PBXFileReference; lastKnownFileType = wrapper.framework; name = UIKit.framework; path = System/Library/Frameworks/UIKit.framework; sourceTree = SDKROOT; };
		E10D017019B6024F00D9E5F8 /* Corsi-Info.plist */ = {isa = PBXFileReference; lastKnownFileType = text.plist.xml; path = "Corsi-Info.plist"; sourceTree = "<group>"; };
		E10D017219B6024F00D9E5F8 /* en */ = {isa = PBXFileReference; lastKnownFileType = text.plist.strings; name = en; path = en.lproj/InfoPlist.strings; sourceTree = "<group>"; };
		E10D017419B6024F00D9E5F8 /* main.m */ = {isa = PBXFileReference; lastKnownFileType = sourcecode.c.objc; path = main.m; sourceTree = "<group>"; };
		E10D017619B6024F00D9E5F8 /* Corsi-Prefix.pch */ = {isa = PBXFileReference; lastKnownFileType = sourcecode.c.h; path = "Corsi-Prefix.pch"; sourceTree = "<group>"; };
		E10D017719B6024F00D9E5F8 /* AppDelegate.h */ = {isa = PBXFileReference; lastKnownFileType = sourcecode.c.h; path = AppDelegate.h; sourceTree = "<group>"; };
		E10D017819B6024F00D9E5F8 /* AppDelegate.m */ = {isa = PBXFileReference; lastKnownFileType = sourcecode.c.objc; path = AppDelegate.m; sourceTree = "<group>"; };
		E10D017B19B6024F00D9E5F8 /* Base */ = {isa = PBXFileReference; lastKnownFileType = file.storyboard; name = Base; path = Base.lproj/Main_iPhone.storyboard; sourceTree = "<group>"; };
		E10D017E19B6024F00D9E5F8 /* Base */ = {isa = PBXFileReference; lastKnownFileType = file.storyboard; name = Base; path = Base.lproj/Main_iPad.storyboard; sourceTree = "<group>"; };
		E10D018019B6024F00D9E5F8 /* ViewController.h */ = {isa = PBXFileReference; lastKnownFileType = sourcecode.c.h; path = ViewController.h; sourceTree = "<group>"; };
		E10D018119B6024F00D9E5F8 /* ViewController.m */ = {isa = PBXFileReference; lastKnownFileType = sourcecode.c.objc; path = ViewController.m; sourceTree = "<group>"; };
		E10D018319B6024F00D9E5F8 /* Images.xcassets */ = {isa = PBXFileReference; lastKnownFileType = folder.assetcatalog; path = Images.xcassets; sourceTree = "<group>"; };
		E10D018919B6024F00D9E5F8 /* CorsiTests.xctest */ = {isa = PBXFileReference; explicitFileType = wrapper.cfbundle; includeInIndex = 0; path = CorsiTests.xctest; sourceTree = BUILT_PRODUCTS_DIR; };
		E10D018A19B6024F00D9E5F8 /* XCTest.framework */ = {isa = PBXFileReference; lastKnownFileType = wrapper.framework; name = XCTest.framework; path = Library/Frameworks/XCTest.framework; sourceTree = DEVELOPER_DIR; };
		E10D019219B6024F00D9E5F8 /* CorsiTests-Info.plist */ = {isa = PBXFileReference; lastKnownFileType = text.plist.xml; path = "CorsiTests-Info.plist"; sourceTree = "<group>"; };
		E10D019419B6024F00D9E5F8 /* en */ = {isa = PBXFileReference; lastKnownFileType = text.plist.strings; name = en; path = en.lproj/InfoPlist.strings; sourceTree = "<group>"; };
		E10D019619B6024F00D9E5F8 /* CorsiTests.m */ = {isa = PBXFileReference; lastKnownFileType = sourcecode.c.objc; path = CorsiTests.m; sourceTree = "<group>"; };
		E1B29EB419B7532E005B9C84 /* black72.png */ = {isa = PBXFileReference; lastKnownFileType = image.png; path = black72.png; sourceTree = "<group>"; };
		E1B29EB519B7532E005B9C84 /* blue72.png */ = {isa = PBXFileReference; lastKnownFileType = image.png; path = blue72.png; sourceTree = "<group>"; };
		E1B29EB619B7532E005B9C84 /* check.png */ = {isa = PBXFileReference; lastKnownFileType = image.png; path = check.png; sourceTree = "<group>"; };
		E1B29EB719B7532E005B9C84 /* checkbox.png */ = {isa = PBXFileReference; lastKnownFileType = image.png; path = checkbox.png; sourceTree = "<group>"; };
		E1B29EB819B7532E005B9C84 /* corsi.png */ = {isa = PBXFileReference; lastKnownFileType = image.png; path = corsi.png; sourceTree = "<group>"; };
		E1B29EB919B7532E005B9C84 /* cyan72.png */ = {isa = PBXFileReference; lastKnownFileType = image.png; path = cyan72.png; sourceTree = "<group>"; };
		E1B29EBA19B7532E005B9C84 /* green72.png */ = {isa = PBXFileReference; lastKnownFileType = image.png; path = green72.png; sourceTree = "<group>"; };
		E1B29EBB19B7532E005B9C84 /* grey72.png */ = {isa = PBXFileReference; lastKnownFileType = image.png; path = grey72.png; sourceTree = "<group>"; };
		E1B29EBC19B7532E005B9C84 /* magenta72.png */ = {isa = PBXFileReference; lastKnownFileType = image.png; path = magenta72.png; sourceTree = "<group>"; };
		E1B29EBD19B7532E005B9C84 /* orange72.png */ = {isa = PBXFileReference; lastKnownFileType = image.png; path = orange72.png; sourceTree = "<group>"; };
		E1B29EBE19B7532E005B9C84 /* red72.png */ = {isa = PBXFileReference; lastKnownFileType = image.png; path = red72.png; sourceTree = "<group>"; };
		E1B29EBF19B7532E005B9C84 /* white72.png */ = {isa = PBXFileReference; lastKnownFileType = image.png; path = white72.png; sourceTree = "<group>"; };
		E1B29EC019B7532E005B9C84 /* yellow72.png */ = {isa = PBXFileReference; lastKnownFileType = image.png; path = yellow72.png; sourceTree = "<group>"; };
/* End PBXFileReference section */

/* Begin PBXFrameworksBuildPhase section */
		E10D016219B6024F00D9E5F8 /* Frameworks */ = {
			isa = PBXFrameworksBuildPhase;
			buildActionMask = 2147483647;
			files = (
				E10D016B19B6024F00D9E5F8 /* CoreGraphics.framework in Frameworks */,
				E10D016D19B6024F00D9E5F8 /* UIKit.framework in Frameworks */,
				E10D016919B6024F00D9E5F8 /* Foundation.framework in Frameworks */,
			);
			runOnlyForDeploymentPostprocessing = 0;
		};
		E10D018619B6024F00D9E5F8 /* Frameworks */ = {
			isa = PBXFrameworksBuildPhase;
			buildActionMask = 2147483647;
			files = (
				E10D018B19B6024F00D9E5F8 /* XCTest.framework in Frameworks */,
				E10D018D19B6024F00D9E5F8 /* UIKit.framework in Frameworks */,
				E10D018C19B6024F00D9E5F8 /* Foundation.framework in Frameworks */,
			);
			runOnlyForDeploymentPostprocessing = 0;
		};
/* End PBXFrameworksBuildPhase section */

/* Begin PBXGroup section */
		E10D015C19B6024F00D9E5F8 = {
			isa = PBXGroup;
			children = (
				E10D016E19B6024F00D9E5F8 /* Corsi */,
				E10D019019B6024F00D9E5F8 /* CorsiTests */,
				E10D016719B6024F00D9E5F8 /* Frameworks */,
				E10D016619B6024F00D9E5F8 /* Products */,
			);
			sourceTree = "<group>";
		};
		E10D016619B6024F00D9E5F8 /* Products */ = {
			isa = PBXGroup;
			children = (
				E10D016519B6024F00D9E5F8 /* Corsi.app */,
				E10D018919B6024F00D9E5F8 /* CorsiTests.xctest */,
			);
			name = Products;
			sourceTree = "<group>";
		};
		E10D016719B6024F00D9E5F8 /* Frameworks */ = {
			isa = PBXGroup;
			children = (
				E10D016819B6024F00D9E5F8 /* Foundation.framework */,
				E10D016A19B6024F00D9E5F8 /* CoreGraphics.framework */,
				E10D016C19B6024F00D9E5F8 /* UIKit.framework */,
				E10D018A19B6024F00D9E5F8 /* XCTest.framework */,
			);
			name = Frameworks;
			sourceTree = "<group>";
		};
		E10D016E19B6024F00D9E5F8 /* Corsi */ = {
			isa = PBXGroup;
			children = (
				E10D017719B6024F00D9E5F8 /* AppDelegate.h */,
				E10D017819B6024F00D9E5F8 /* AppDelegate.m */,
				E10D017A19B6024F00D9E5F8 /* Main_iPhone.storyboard */,
				E10D017D19B6024F00D9E5F8 /* Main_iPad.storyboard */,
				E10D018019B6024F00D9E5F8 /* ViewController.h */,
				E10D018119B6024F00D9E5F8 /* ViewController.m */,
				E10D018319B6024F00D9E5F8 /* Images.xcassets */,
				E10D016F19B6024F00D9E5F8 /* Supporting Files */,
			);
			path = Corsi;
			sourceTree = "<group>";
		};
		E10D016F19B6024F00D9E5F8 /* Supporting Files */ = {
			isa = PBXGroup;
			children = (
				E1B29EB419B7532E005B9C84 /* black72.png */,
				E1B29EB519B7532E005B9C84 /* blue72.png */,
				E1B29EB619B7532E005B9C84 /* check.png */,
				E1B29EB719B7532E005B9C84 /* checkbox.png */,
				E1B29EB819B7532E005B9C84 /* corsi.png */,
				E1B29EB919B7532E005B9C84 /* cyan72.png */,
				E1B29EBA19B7532E005B9C84 /* green72.png */,
				E1B29EBB19B7532E005B9C84 /* grey72.png */,
				E1B29EBC19B7532E005B9C84 /* magenta72.png */,
				E1B29EBD19B7532E005B9C84 /* orange72.png */,
				E1B29EBE19B7532E005B9C84 /* red72.png */,
				E1B29EBF19B7532E005B9C84 /* white72.png */,
				E1B29EC019B7532E005B9C84 /* yellow72.png */,
				E10D017019B6024F00D9E5F8 /* Corsi-Info.plist */,
				E10D017119B6024F00D9E5F8 /* InfoPlist.strings */,
				E10D017419B6024F00D9E5F8 /* main.m */,
				E10D017619B6024F00D9E5F8 /* Corsi-Prefix.pch */,
			);
			name = "Supporting Files";
			sourceTree = "<group>";
		};
		E10D019019B6024F00D9E5F8 /* CorsiTests */ = {
			isa = PBXGroup;
			children = (
				E10D019619B6024F00D9E5F8 /* CorsiTests.m */,
				E10D019119B6024F00D9E5F8 /* Supporting Files */,
			);
			path = CorsiTests;
			sourceTree = "<group>";
		};
		E10D019119B6024F00D9E5F8 /* Supporting Files */ = {
			isa = PBXGroup;
			children = (
				E10D019219B6024F00D9E5F8 /* CorsiTests-Info.plist */,
				E10D019319B6024F00D9E5F8 /* InfoPlist.strings */,
			);
			name = "Supporting Files";
			sourceTree = "<group>";
		};
/* End PBXGroup section */

/* Begin PBXNativeTarget section */
		E10D016419B6024F00D9E5F8 /* Corsi */ = {
			isa = PBXNativeTarget;
			buildConfigurationList = E10D019A19B6024F00D9E5F8 /* Build configuration list for PBXNativeTarget "Corsi" */;
			buildPhases = (
				E10D016119B6024F00D9E5F8 /* Sources */,
				E10D016219B6024F00D9E5F8 /* Frameworks */,
				E10D016319B6024F00D9E5F8 /* Resources */,
			);
			buildRules = (
			);
			dependencies = (
			);
			name = Corsi;
			productName = Corsi;
			productReference = E10D016519B6024F00D9E5F8 /* Corsi.app */;
			productType = "com.apple.product-type.application";
		};
		E10D018819B6024F00D9E5F8 /* CorsiTests */ = {
			isa = PBXNativeTarget;
			buildConfigurationList = E10D019D19B6024F00D9E5F8 /* Build configuration list for PBXNativeTarget "CorsiTests" */;
			buildPhases = (
				E10D018519B6024F00D9E5F8 /* Sources */,
				E10D018619B6024F00D9E5F8 /* Frameworks */,
				E10D018719B6024F00D9E5F8 /* Resources */,
			);
			buildRules = (
			);
			dependencies = (
				E10D018F19B6024F00D9E5F8 /* PBXTargetDependency */,
			);
			name = CorsiTests;
			productName = CorsiTests;
			productReference = E10D018919B6024F00D9E5F8 /* CorsiTests.xctest */;
			productType = "com.apple.product-type.bundle.unit-test";
		};
/* End PBXNativeTarget section */

/* Begin PBXProject section */
		E10D015D19B6024F00D9E5F8 /* Project object */ = {
			isa = PBXProject;
			attributes = {
				LastUpgradeCheck = 0510;
				ORGANIZATIONNAME = "Manchester Metropolitan University - ESS - essmobile";
				TargetAttributes = {
					E10D016419B6024F00D9E5F8 = {
						DevelopmentTeam = G8Q878PY9S;
					};
					E10D018819B6024F00D9E5F8 = {
						TestTargetID = E10D016419B6024F00D9E5F8;
					};
				};
			};
			buildConfigurationList = E10D016019B6024F00D9E5F8 /* Build configuration list for PBXProject "Corsi" */;
			compatibilityVersion = "Xcode 3.2";
			developmentRegion = English;
			hasScannedForEncodings = 0;
			knownRegions = (
				en,
				Base,
			);
			mainGroup = E10D015C19B6024F00D9E5F8;
			productRefGroup = E10D016619B6024F00D9E5F8 /* Products */;
			projectDirPath = "";
			projectRoot = "";
			targets = (
				E10D016419B6024F00D9E5F8 /* Corsi */,
				E10D018819B6024F00D9E5F8 /* CorsiTests */,
			);
		};
/* End PBXProject section */

/* Begin PBXResourcesBuildPhase section */
		E10D016319B6024F00D9E5F8 /* Resources */ = {
			isa = PBXResourcesBuildPhase;
			buildActionMask = 2147483647;
			files = (
				E1B29EC519B7532E005B9C84 /* corsi.png in Resources */,
				E1B29ECD19B7532E005B9C84 /* yellow72.png in Resources */,
				E1B29EC719B7532E005B9C84 /* green72.png in Resources */,
				E1B29ECA19B7532E005B9C84 /* orange72.png in Resources */,
				E10D017F19B6024F00D9E5F8 /* Main_iPad.storyboard in Resources */,
				E10D018419B6024F00D9E5F8 /* Images.xcassets in Resources */,
				E1B29EC919B7532E005B9C84 /* magenta72.png in Resources */,
				E1B29EC319B7532E005B9C84 /* check.png in Resources */,
				E1B29EC819B7532E005B9C84 /* grey72.png in Resources */,
				E1B29ECC19B7532E005B9C84 /* white72.png in Resources */,
				E1B29EC219B7532E005B9C84 /* blue72.png in Resources */,
				E10D017C19B6024F00D9E5F8 /* Main_iPhone.storyboard in Resources */,
				E10D017319B6024F00D9E5F8 /* InfoPlist.strings in Resources */,
				E1B29EC619B7532E005B9C84 /* cyan72.png in Resources */,
				E1B29EC419B7532E005B9C84 /* checkbox.png in Resources */,
				E1B29ECB19B7532E005B9C84 /* red72.png in Resources */,
				E1B29EC119B7532E005B9C84 /* black72.png in Resources */,
			);
			runOnlyForDeploymentPostprocessing = 0;
		};
		E10D018719B6024F00D9E5F8 /* Resources */ = {
			isa = PBXResourcesBuildPhase;
			buildActionMask = 2147483647;
			files = (
				E10D019519B6024F00D9E5F8 /* InfoPlist.strings in Resources */,
			);
			runOnlyForDeploymentPostprocessing = 0;
		};
/* End PBXResourcesBuildPhase section */

/* Begin PBXSourcesBuildPhase section */
		E10D016119B6024F00D9E5F8 /* Sources */ = {
			isa = PBXSourcesBuildPhase;
			buildActionMask = 2147483647;
			files = (
				E10D018219B6024F00D9E5F8 /* ViewController.m in Sources */,
				E10D017919B6024F00D9E5F8 /* AppDelegate.m in Sources */,
				E10D017519B6024F00D9E5F8 /* main.m in Sources */,
			);
			runOnlyForDeploymentPostprocessing = 0;
		};
		E10D018519B6024F00D9E5F8 /* Sources */ = {
			isa = PBXSourcesBuildPhase;
			buildActionMask = 2147483647;
			files = (
				E10D019719B6024F00D9E5F8 /* CorsiTests.m in Sources */,
			);
			runOnlyForDeploymentPostprocessing = 0;
		};
/* End PBXSourcesBuildPhase section */

/* Begin PBXTargetDependency section */
		E10D018F19B6024F00D9E5F8 /* PBXTargetDependency */ = {
			isa = PBXTargetDependency;
			target = E10D016419B6024F00D9E5F8 /* Corsi */;
			targetProxy = E10D018E19B6024F00D9E5F8 /* PBXContainerItemProxy */;
		};
/* End PBXTargetDependency section */

/* Begin PBXVariantGroup section */
		E10D017119B6024F00D9E5F8 /* InfoPlist.strings */ = {
			isa = PBXVariantGroup;
			children = (
				E10D017219B6024F00D9E5F8 /* en */,
			);
			name = InfoPlist.strings;
			sourceTree = "<group>";
		};
		E10D017A19B6024F00D9E5F8 /* Main_iPhone.storyboard */ = {
			isa = PBXVariantGroup;
			children = (
				E10D017B19B6024F00D9E5F8 /* Base */,
			);
			name = Main_iPhone.storyboard;
			sourceTree = "<group>";
		};
		E10D017D19B6024F00D9E5F8 /* Main_iPad.storyboard */ = {
			isa = PBXVariantGroup;
			children = (
				E10D017E19B6024F00D9E5F8 /* Base */,
			);
			name = Main_iPad.storyboard;
			sourceTree = "<group>";
		};
		E10D019319B6024F00D9E5F8 /* InfoPlist.strings */ = {
			isa = PBXVariantGroup;
			children = (
				E10D019419B6024F00D9E5F8 /* en */,
			);
			name = InfoPlist.strings;
			sourceTree = "<group>";
		};
/* End PBXVariantGroup section */

/* Begin XCBuildConfiguration section */
		E10D019819B6024F00D9E5F8 /* Debug */ = {
			isa = XCBuildConfiguration;
			buildSettings = {
				ALWAYS_SEARCH_USER_PATHS = NO;
				CLANG_CXX_LANGUAGE_STANDARD = "gnu++0x";
				CLANG_CXX_LIBRARY = "libc++";
				CLANG_ENABLE_MODULES = YES;
				CLANG_ENABLE_OBJC_ARC = YES;
				CLANG_WARN_BOOL_CONVERSION = YES;
				CLANG_WARN_CONSTANT_CONVERSION = YES;
				CLANG_WARN_DIRECT_OBJC_ISA_USAGE = YES_ERROR;
				CLANG_WARN_EMPTY_BODY = YES;
				CLANG_WARN_ENUM_CONVERSION = YES;
				CLANG_WARN_INT_CONVERSION = YES;
				CLANG_WARN_OBJC_ROOT_CLASS = YES_ERROR;
				CLANG_WARN__DUPLICATE_METHOD_MATCH = YES;
				"CODE_SIGN_IDENTITY[sdk=iphoneos*]" = "iPhone Developer";
				COPY_PHASE_STRIP = NO;
				GCC_C_LANGUAGE_STANDARD = gnu99;
				GCC_DYNAMIC_NO_PIC = NO;
				GCC_OPTIMIZATION_LEVEL = 0;
				GCC_PREPROCESSOR_DEFINITIONS = (
					"DEBUG=1",
					"$(inherited)",
				);
				GCC_SYMBOLS_PRIVATE_EXTERN = NO;
				GCC_WARN_64_TO_32_BIT_CONVERSION = YES;
				GCC_WARN_ABOUT_RETURN_TYPE = YES_ERROR;
				GCC_WARN_UNDECLARED_SELECTOR = YES;
				GCC_WARN_UNINITIALIZED_AUTOS = YES_AGGRESSIVE;
				GCC_WARN_UNUSED_FUNCTION = YES;
				GCC_WARN_UNUSED_VARIABLE = YES;
				IPHONEOS_DEPLOYMENT_TARGET = 7.1;
				ONLY_ACTIVE_ARCH = YES;
				SDKROOT = iphoneos;
				TARGETED_DEVICE_FAMILY = "1,2";
			};
			name = Debug;
		};
		E10D019919B6024F00D9E5F8 /* Release */ = {
			isa = XCBuildConfiguration;
			buildSettings = {
				ALWAYS_SEARCH_USER_PATHS = NO;
				CLANG_CXX_LANGUAGE_STANDARD = "gnu++0x";
				CLANG_CXX_LIBRARY = "libc++";
				CLANG_ENABLE_MODULES = YES;
				CLANG_ENABLE_OBJC_ARC = YES;
				CLANG_WARN_BOOL_CONVERSION = YES;
				CLANG_WARN_CONSTANT_CONVERSION = YES;
				CLANG_WARN_DIRECT_OBJC_ISA_USAGE = YES_ERROR;
				CLANG_WARN_EMPTY_BODY = YES;
				CLANG_WARN_ENUM_CONVERSION = YES;
				CLANG_WARN_INT_CONVERSION = YES;
				CLANG_WARN_OBJC_ROOT_CLASS = YES_ERROR;
				CLANG_WARN__DUPLICATE_METHOD_MATCH = YES;
				"CODE_SIGN_IDENTITY[sdk=iphoneos*]" = "iPhone Developer";
				COPY_PHASE_STRIP = YES;
				ENABLE_NS_ASSERTIONS = NO;
				GCC_C_LANGUAGE_STANDARD = gnu99;
				GCC_WARN_64_TO_32_BIT_CONVERSION = YES;
				GCC_WARN_ABOUT_RETURN_TYPE = YES_ERROR;
				GCC_WARN_UNDECLARED_SELECTOR = YES;
				GCC_WARN_UNINITIALIZED_AUTOS = YES_AGGRESSIVE;
				GCC_WARN_UNUSED_FUNCTION = YES;
				GCC_WARN_UNUSED_VARIABLE = YES;
				IPHONEOS_DEPLOYMENT_TARGET = 7.1;
				SDKROOT = iphoneos;
				TARGETED_DEVICE_FAMILY = "1,2";
				VALIDATE_PRODUCT = YES;
			};
			name = Release;
		};
		E10D019B19B6024F00D9E5F8 /* Debug */ = {
			isa = XCBuildConfiguration;
			buildSettings = {
				ASSETCATALOG_COMPILER_APPICON_NAME = AppIcon;
				ASSETCATALOG_COMPILER_LAUNCHIMAGE_NAME = LaunchImage;
				CODE_SIGN_IDENTITY = "iPhone Developer";
				GCC_PRECOMPILE_PREFIX_HEADER = YES;
				GCC_PREFIX_HEADER = "Corsi/Corsi-Prefix.pch";
				INFOPLIST_FILE = "Corsi/Corsi-Info.plist";
				PRODUCT_NAME = "$(TARGET_NAME)";
				WRAPPER_EXTENSION = app;
			};
			name = Debug;
		};
		E10D019C19B6024F00D9E5F8 /* Release */ = {
			isa = XCBuildConfiguration;
			buildSettings = {
				ASSETCATALOG_COMPILER_APPICON_NAME = AppIcon;
				ASSETCATALOG_COMPILER_LAUNCHIMAGE_NAME = LaunchImage;
				CODE_SIGN_IDENTITY = "iPhone Developer";
				GCC_PRECOMPILE_PREFIX_HEADER = YES;
				GCC_PREFIX_HEADER = "Corsi/Corsi-Prefix.pch";
				INFOPLIST_FILE = "Corsi/Corsi-Info.plist";
				PRODUCT_NAME = "$(TARGET_NAME)";
				WRAPPER_EXTENSION = app;
			};
			name = Release;
		};
		E10D019E19B6024F00D9E5F8 /* Debug */ = {
			isa = XCBuildConfiguration;
			buildSettings = {
				BUNDLE_LOADER = "$(BUILT_PRODUCTS_DIR)/Corsi.app/Corsi";
				FRAMEWORK_SEARCH_PATHS = (
					"$(SDKROOT)/Developer/Library/Frameworks",
					"$(inherited)",
					"$(DEVELOPER_FRAMEWORKS_DIR)",
				);
				GCC_PRECOMPILE_PREFIX_HEADER = YES;
				GCC_PREFIX_HEADER = "Corsi/Corsi-Prefix.pch";
				GCC_PREPROCESSOR_DEFINITIONS = (
					"DEBUG=1",
					"$(inherited)",
				);
				INFOPLIST_FILE = "CorsiTests/CorsiTests-Info.plist";
				PRODUCT_NAME = "$(TARGET_NAME)";
				TEST_HOST = "$(BUNDLE_LOADER)";
				WRAPPER_EXTENSION = xctest;
			};
			name = Debug;
		};
		E10D019F19B6024F00D9E5F8 /* Release */ = {
			isa = XCBuildConfiguration;
			buildSettings = {
				BUNDLE_LOADER = "$(BUILT_PRODUCTS_DIR)/Corsi.app/Corsi";
				FRAMEWORK_SEARCH_PATHS = (
					"$(SDKROOT)/Developer/Library/Frameworks",
					"$(inherited)",
					"$(DEVELOPER_FRAMEWORKS_DIR)",
				);
				GCC_PRECOMPILE_PREFIX_HEADER = YES;
				GCC_PREFIX_HEADER = "Corsi/Corsi-Prefix.pch";
				INFOPLIST_FILE = "CorsiTests/CorsiTests-Info.plist";
				PRODUCT_NAME = "$(TARGET_NAME)";
				TEST_HOST = "$(BUNDLE_LOADER)";
				WRAPPER_EXTENSION = xctest;
			};
			name = Release;
		};
/* End XCBuildConfiguration section */

/* Begin XCConfigurationList section */
		E10D016019B6024F00D9E5F8 /* Build configuration list for PBXProject "Corsi" */ = {
			isa = XCConfigurationList;
			buildConfigurations = (
				E10D019819B6024F00D9E5F8 /* Debug */,
				E10D019919B6024F00D9E5F8 /* Release */,
			);
			defaultConfigurationIsVisible = 0;
			defaultConfigurationName = Release;
		};
		E10D019A19B6024F00D9E5F8 /* Build configuration list for PBXNativeTarget "Corsi" */ = {
			isa = XCConfigurationList;
			buildConfigurations = (
				E10D019B19B6024F00D9E5F8 /* Debug */,
				E10D019C19B6024F00D9E5F8 /* Release */,
			);
			defaultConfigurationIsVisible = 0;
			defaultConfigurationName = Release;
		};
		E10D019D19B6024F00D9E5F8 /* Build configuration list for PBXNativeTarget "CorsiTests" */ = {
			isa = XCConfigurationList;
			buildConfigurations = (
				E10D019E19B6024F00D9E5F8 /* Debug */,
				E10D019F19B6024F00D9E5F8 /* Release */,
			);
			defaultConfigurationIsVisible = 0;
			defaultConfigurationName = Release;
		};
/* End XCConfigurationList section */
	};
	rootObject = E10D015D19B6024F00D9E5F8 /* Project object */;
}
